{
  "name": "ai-token-counter",
  "version": "1.0.1",
  "lockfileVersion": 3,
  "requires": true,
  "packages": {
    "": {
      "name": "ai-token-counter",
      "version": "1.0.1",
      "license": "MIT",
      "dependencies": {
        "ai-token-counter": "^1.0.0"
      },
      "bin": {
        "ai-token-counter": "cli.js"
      },
      "engines": {
        "node": ">=18"
      }
    },
    "node_modules/ai-token-counter": {
      "version": "1.0.0",
      "resolved": "https://registry.npmjs.org/ai-token-counter/-/ai-token-counter-1.0.0.tgz",
      "integrity": "sha512-g3v99olYX0XUuTjHQmAh6ihwABHxnBrzPi4KNUeQHBtt7h4Oyy6DfGU6iDWtAkX++SfN2lX9p4ScC5LoXloAeA==",
      "license": "MIT",
      "bin": {
        "ai-token-counter": "cli.js"
      },
      "engines": {
        "node": ">=18"
      }
    }
  }
}
