{
  "name": "ai-token-counter",
  "version": "1.0.4",
  "lockfileVersion": 3,
  "requires": true,
  "packages": {
    "": {
      "name": "ai-token-counter",
      "version": "1.0.4",
      "license": "MIT",
      "bin": {
        "ai-token-counter": "cli.js"
      },
      "engines": {
        "node": ">=18"
      }
    }
  }
}
